
Microsoft Visual Studio Solution File, Format Version 12.00
# Visual Studio Version 17
VisualStudioVersion = 17.5.33516.290
MinimumVisualStudioVersion = 10.0.40219.1
Project("{FAE04EC0-301F-11D3-BF4B-00C04F79EFBC}") = "Lab_01_Zad_01-03", "Lab_01_Zad_01\Lab_01_Zad_01-03.csproj", "{B31EE74F-606B-4456-BD22-2C4D1350B79F}"
EndProject
Project("{FAE04EC0-301F-11D3-BF4B-00C04F79EFBC}") = "Lab_01_Zad_dodatkowe", "Lab_01_Zad_dodatkowe\Lab_01_Zad_dodatkowe.csproj", "{0C4C2458-248C-4230-9E0E-85C430328027}"
EndProject
Project("{FAE04EC0-301F-11D3-BF4B-00C04F79EFBC}") = "Lista_Zadan", "Lista_Zadan\Lista_Zadan.csproj", "{B18F03BA-E9D8-469E-81DC-D74151843EEF}"
EndProject
Project("{FAE04EC0-301F-11D3-BF4B-00C04F79EFBC}") = "Lab_02_Zad_01-03", "Lab_02_Zad_01-03\Lab_02_Zad_01-03.csproj", "{DA0E44C7-68B0-4CAE-8115-809A1C1AB5BE}"
EndProject
Project("{9A19103F-16F7-4668-BE54-9A1E7A4F7556}") = "Lab_03_Zad_01-02-New", "Lab_03_Zad_01-02-New\Lab_03_Zad_01-02-New.csproj", "{9C7637F0-8E1C-454C-9374-828678A50696}"
EndProject
Project("{FAE04EC0-301F-11D3-BF4B-00C04F79EFBC}") = "Urzadzenie", "Urzadzenie\Urzadzenie.csproj", "{E1977ADC-C74F-44C5-99B2-727F0B7A99B7}"
EndProject
Project("{9A19103F-16F7-4668-BE54-9A1E7A4F7556}") = "Lab_04_Zad_01-02-New", "Lab_04_Zad_01-02-New\Lab_04_Zad_01-02-New.csproj", "{D33D506B-D95B-4B6C-9A56-9A7F379CBC21}"
EndProject
Project("{9A19103F-16F7-4668-BE54-9A1E7A4F7556}") = "Lab_05.App", "Lab5.App\Lab_05.App.csproj", "{BA8800BC-566A-47ED-8EDE-AA7C4F4EC950}"
EndProject
Project("{9A19103F-16F7-4668-BE54-9A1E7A4F7556}") = "Lab_05.BLL", "Lab5.BLL\Lab_05.BLL.csproj", "{BC9D31CE-9559-4C9B-93D1-2E531ED53BFE}"
EndProject
Project("{9A19103F-16F7-4668-BE54-9A1E7A4F7556}") = "Generic.Extensions", "Generic.Extensions\Generic.Extensions.csproj", "{68AE3CD1-6AEF-402E-9A52-721734F9A18A}"
EndProject
Project("{9A19103F-16F7-4668-BE54-9A1E7A4F7556}") = "Do_Kolokwium_01", "Do_Kolokwium_01\Do_Kolokwium_01.csproj", "{213D9927-AB3C-4CFD-9BDD-01F995979F88}"
EndProject
Project("{9A19103F-16F7-4668-BE54-9A1E7A4F7556}") = "Kolokwium_01", "Kolokwium_01\Kolokwium_01.csproj", "{E5E8C9EE-9441-4EC0-AA4B-6AAB45B12CBF}"
EndProject
Project("{9A19103F-16F7-4668-BE54-9A1E7A4F7556}") = "Lab_07_Calculator", "Lab_07_Calculator\Lab_07_Calculator.csproj", "{0663508D-5894-46A3-AE38-6EA5CBB89C94}"
EndProject
Project("{9A19103F-16F7-4668-BE54-9A1E7A4F7556}") = "Lab_07.BLL", "Lab_7.BLL\Lab_07.BLL.csproj", "{B3D74E40-0B90-414D-AA7D-1638E4934CAD}"
EndProject
Project("{9A19103F-16F7-4668-BE54-9A1E7A4F7556}") = "Lab_08_Students", "Lab_08_Students\Lab_08_Students.csproj", "{F0ACC478-B904-4A91-9EE4-5B45BAC5CFE8}"
EndProject
Project("{9A19103F-16F7-4668-BE54-9A1E7A4F7556}") = "Lab_08.BLL", "Lab_08.BLL\Lab_08.BLL.csproj", "{2C47C4CC-B9D8-4D70-8096-8C3337166262}"
EndProject
Project("{9A19103F-16F7-4668-BE54-9A1E7A4F7556}") = "Lab_10.Model", "Lab_10.Model\Lab_10.Model.csproj", "{BE8FED39-87A9-4B8D-A841-5E5300FF9CA2}"
EndProject
Project("{9A19103F-16F7-4668-BE54-9A1E7A4F7556}") = "Lab_10.App", "Lab_10.App\Lab_10.App.csproj", "{B60E1889-E9CB-4513-A480-64FC141E5466}"
EndProject
Project("{9A19103F-16F7-4668-BE54-9A1E7A4F7556}") = "Lab_10.DAL", "Lab_10.DAL\Lab_10.DAL.csproj", "{DEAED092-1C9F-4723-8583-DAAF60A69195}"
EndProject
Project("{FAE04EC0-301F-11D3-BF4B-00C04F79EFBC}") = "Lab_11.App", "Lab_11.App\Lab_11.App.csproj", "{B1E751B4-33B1-4204-88AC-D991EF241DC1}"
EndProject
Project("{FAE04EC0-301F-11D3-BF4B-00C04F79EFBC}") = "Uwagi.App", "Uwagi.App\Uwagi.App.csproj", "{26A87D2C-293C-4930-832D-FD53842F91C5}"
EndProject
Project("{FAE04EC0-301F-11D3-BF4B-00C04F79EFBC}") = "Do_Kolokwium_02", "Do_Kolokwium_02\Do_Kolokwium_02.csproj", "{3B4137ED-81FB-4AF1-998C-400E06BA5F56}"
EndProject
Global
	GlobalSection(SolutionConfigurationPlatforms) = preSolution
		Debug|Any CPU = Debug|Any CPU
		Release|Any CPU = Release|Any CPU
	EndGlobalSection
	GlobalSection(ProjectConfigurationPlatforms) = postSolution
		{B31EE74F-606B-4456-BD22-2C4D1350B79F}.Debug|Any CPU.ActiveCfg = Debug|Any CPU
		{B31EE74F-606B-4456-BD22-2C4D1350B79F}.Debug|Any CPU.Build.0 = Debug|Any CPU
		{B31EE74F-606B-4456-BD22-2C4D1350B79F}.Release|Any CPU.ActiveCfg = Release|Any CPU
		{B31EE74F-606B-4456-BD22-2C4D1350B79F}.Release|Any CPU.Build.0 = Release|Any CPU
		{0C4C2458-248C-4230-9E0E-85C430328027}.Debug|Any CPU.ActiveCfg = Debug|Any CPU
		{0C4C2458-248C-4230-9E0E-85C430328027}.Debug|Any CPU.Build.0 = Debug|Any CPU
		{0C4C2458-248C-4230-9E0E-85C430328027}.Release|Any CPU.ActiveCfg = Release|Any CPU
		{0C4C2458-248C-4230-9E0E-85C430328027}.Release|Any CPU.Build.0 = Release|Any CPU
		{B18F03BA-E9D8-469E-81DC-D74151843EEF}.Debug|Any CPU.ActiveCfg = Debug|Any CPU
		{B18F03BA-E9D8-469E-81DC-D74151843EEF}.Debug|Any CPU.Build.0 = Debug|Any CPU
		{B18F03BA-E9D8-469E-81DC-D74151843EEF}.Release|Any CPU.ActiveCfg = Release|Any CPU
		{B18F03BA-E9D8-469E-81DC-D74151843EEF}.Release|Any CPU.Build.0 = Release|Any CPU
		{DA0E44C7-68B0-4CAE-8115-809A1C1AB5BE}.Debug|Any CPU.ActiveCfg = Debug|Any CPU
		{DA0E44C7-68B0-4CAE-8115-809A1C1AB5BE}.Debug|Any CPU.Build.0 = Debug|Any CPU
		{DA0E44C7-68B0-4CAE-8115-809A1C1AB5BE}.Release|Any CPU.ActiveCfg = Release|Any CPU
		{DA0E44C7-68B0-4CAE-8115-809A1C1AB5BE}.Release|Any CPU.Build.0 = Release|Any CPU
		{9C7637F0-8E1C-454C-9374-828678A50696}.Debug|Any CPU.ActiveCfg = Debug|Any CPU
		{9C7637F0-8E1C-454C-9374-828678A50696}.Debug|Any CPU.Build.0 = Debug|Any CPU
		{9C7637F0-8E1C-454C-9374-828678A50696}.Release|Any CPU.ActiveCfg = Release|Any CPU
		{9C7637F0-8E1C-454C-9374-828678A50696}.Release|Any CPU.Build.0 = Release|Any CPU
		{E1977ADC-C74F-44C5-99B2-727F0B7A99B7}.Debug|Any CPU.ActiveCfg = Debug|Any CPU
		{E1977ADC-C74F-44C5-99B2-727F0B7A99B7}.Debug|Any CPU.Build.0 = Debug|Any CPU
		{E1977ADC-C74F-44C5-99B2-727F0B7A99B7}.Release|Any CPU.ActiveCfg = Release|Any CPU
		{E1977ADC-C74F-44C5-99B2-727F0B7A99B7}.Release|Any CPU.Build.0 = Release|Any CPU
		{D33D506B-D95B-4B6C-9A56-9A7F379CBC21}.Debug|Any CPU.ActiveCfg = Debug|Any CPU
		{D33D506B-D95B-4B6C-9A56-9A7F379CBC21}.Debug|Any CPU.Build.0 = Debug|Any CPU
		{D33D506B-D95B-4B6C-9A56-9A7F379CBC21}.Release|Any CPU.ActiveCfg = Release|Any CPU
		{D33D506B-D95B-4B6C-9A56-9A7F379CBC21}.Release|Any CPU.Build.0 = Release|Any CPU
		{BA8800BC-566A-47ED-8EDE-AA7C4F4EC950}.Debug|Any CPU.ActiveCfg = Debug|Any CPU
		{BA8800BC-566A-47ED-8EDE-AA7C4F4EC950}.Debug|Any CPU.Build.0 = Debug|Any CPU
		{BA8800BC-566A-47ED-8EDE-AA7C4F4EC950}.Release|Any CPU.ActiveCfg = Release|Any CPU
		{BA8800BC-566A-47ED-8EDE-AA7C4F4EC950}.Release|Any CPU.Build.0 = Release|Any CPU
		{BC9D31CE-9559-4C9B-93D1-2E531ED53BFE}.Debug|Any CPU.ActiveCfg = Debug|Any CPU
		{BC9D31CE-9559-4C9B-93D1-2E531ED53BFE}.Debug|Any CPU.Build.0 = Debug|Any CPU
		{BC9D31CE-9559-4C9B-93D1-2E531ED53BFE}.Release|Any CPU.ActiveCfg = Release|Any CPU
		{BC9D31CE-9559-4C9B-93D1-2E531ED53BFE}.Release|Any CPU.Build.0 = Release|Any CPU
		{68AE3CD1-6AEF-402E-9A52-721734F9A18A}.Debug|Any CPU.ActiveCfg = Debug|Any CPU
		{68AE3CD1-6AEF-402E-9A52-721734F9A18A}.Debug|Any CPU.Build.0 = Debug|Any CPU
		{68AE3CD1-6AEF-402E-9A52-721734F9A18A}.Release|Any CPU.ActiveCfg = Release|Any CPU
		{68AE3CD1-6AEF-402E-9A52-721734F9A18A}.Release|Any CPU.Build.0 = Release|Any CPU
		{213D9927-AB3C-4CFD-9BDD-01F995979F88}.Debug|Any CPU.ActiveCfg = Debug|Any CPU
		{213D9927-AB3C-4CFD-9BDD-01F995979F88}.Debug|Any CPU.Build.0 = Debug|Any CPU
		{213D9927-AB3C-4CFD-9BDD-01F995979F88}.Release|Any CPU.ActiveCfg = Release|Any CPU
		{213D9927-AB3C-4CFD-9BDD-01F995979F88}.Release|Any CPU.Build.0 = Release|Any CPU
		{E5E8C9EE-9441-4EC0-AA4B-6AAB45B12CBF}.Debug|Any CPU.ActiveCfg = Debug|Any CPU
		{E5E8C9EE-9441-4EC0-AA4B-6AAB45B12CBF}.Debug|Any CPU.Build.0 = Debug|Any CPU
		{E5E8C9EE-9441-4EC0-AA4B-6AAB45B12CBF}.Release|Any CPU.ActiveCfg = Release|Any CPU
		{E5E8C9EE-9441-4EC0-AA4B-6AAB45B12CBF}.Release|Any CPU.Build.0 = Release|Any CPU
		{0663508D-5894-46A3-AE38-6EA5CBB89C94}.Debug|Any CPU.ActiveCfg = Debug|Any CPU
		{0663508D-5894-46A3-AE38-6EA5CBB89C94}.Debug|Any CPU.Build.0 = Debug|Any CPU
		{0663508D-5894-46A3-AE38-6EA5CBB89C94}.Release|Any CPU.ActiveCfg = Release|Any CPU
		{0663508D-5894-46A3-AE38-6EA5CBB89C94}.Release|Any CPU.Build.0 = Release|Any CPU
		{B3D74E40-0B90-414D-AA7D-1638E4934CAD}.Debug|Any CPU.ActiveCfg = Debug|Any CPU
		{B3D74E40-0B90-414D-AA7D-1638E4934CAD}.Debug|Any CPU.Build.0 = Debug|Any CPU
		{B3D74E40-0B90-414D-AA7D-1638E4934CAD}.Release|Any CPU.ActiveCfg = Release|Any CPU
		{B3D74E40-0B90-414D-AA7D-1638E4934CAD}.Release|Any CPU.Build.0 = Release|Any CPU
		{F0ACC478-B904-4A91-9EE4-5B45BAC5CFE8}.Debug|Any CPU.ActiveCfg = Debug|Any CPU
		{F0ACC478-B904-4A91-9EE4-5B45BAC5CFE8}.Debug|Any CPU.Build.0 = Debug|Any CPU
		{F0ACC478-B904-4A91-9EE4-5B45BAC5CFE8}.Release|Any CPU.ActiveCfg = Release|Any CPU
		{F0ACC478-B904-4A91-9EE4-5B45BAC5CFE8}.Release|Any CPU.Build.0 = Release|Any CPU
		{2C47C4CC-B9D8-4D70-8096-8C3337166262}.Debug|Any CPU.ActiveCfg = Debug|Any CPU
		{2C47C4CC-B9D8-4D70-8096-8C3337166262}.Debug|Any CPU.Build.0 = Debug|Any CPU
		{2C47C4CC-B9D8-4D70-8096-8C3337166262}.Release|Any CPU.ActiveCfg = Release|Any CPU
		{2C47C4CC-B9D8-4D70-8096-8C3337166262}.Release|Any CPU.Build.0 = Release|Any CPU
		{BE8FED39-87A9-4B8D-A841-5E5300FF9CA2}.Debug|Any CPU.ActiveCfg = Debug|Any CPU
		{BE8FED39-87A9-4B8D-A841-5E5300FF9CA2}.Debug|Any CPU.Build.0 = Debug|Any CPU
		{BE8FED39-87A9-4B8D-A841-5E5300FF9CA2}.Release|Any CPU.ActiveCfg = Release|Any CPU
		{BE8FED39-87A9-4B8D-A841-5E5300FF9CA2}.Release|Any CPU.Build.0 = Release|Any CPU
		{B60E1889-E9CB-4513-A480-64FC141E5466}.Debug|Any CPU.ActiveCfg = Debug|Any CPU
		{B60E1889-E9CB-4513-A480-64FC141E5466}.Debug|Any CPU.Build.0 = Debug|Any CPU
		{B60E1889-E9CB-4513-A480-64FC141E5466}.Release|Any CPU.ActiveCfg = Release|Any CPU
		{B60E1889-E9CB-4513-A480-64FC141E5466}.Release|Any CPU.Build.0 = Release|Any CPU
		{DEAED092-1C9F-4723-8583-DAAF60A69195}.Debug|Any CPU.ActiveCfg = Debug|Any CPU
		{DEAED092-1C9F-4723-8583-DAAF60A69195}.Debug|Any CPU.Build.0 = Debug|Any CPU
		{DEAED092-1C9F-4723-8583-DAAF60A69195}.Release|Any CPU.ActiveCfg = Release|Any CPU
		{DEAED092-1C9F-4723-8583-DAAF60A69195}.Release|Any CPU.Build.0 = Release|Any CPU
		{B1E751B4-33B1-4204-88AC-D991EF241DC1}.Debug|Any CPU.ActiveCfg = Debug|Any CPU
		{B1E751B4-33B1-4204-88AC-D991EF241DC1}.Debug|Any CPU.Build.0 = Debug|Any CPU
		{B1E751B4-33B1-4204-88AC-D991EF241DC1}.Release|Any CPU.ActiveCfg = Release|Any CPU
		{B1E751B4-33B1-4204-88AC-D991EF241DC1}.Release|Any CPU.Build.0 = Release|Any CPU
		{26A87D2C-293C-4930-832D-FD53842F91C5}.Debug|Any CPU.ActiveCfg = Debug|Any CPU
		{26A87D2C-293C-4930-832D-FD53842F91C5}.Debug|Any CPU.Build.0 = Debug|Any CPU
		{26A87D2C-293C-4930-832D-FD53842F91C5}.Release|Any CPU.ActiveCfg = Release|Any CPU
		{26A87D2C-293C-4930-832D-FD53842F91C5}.Release|Any CPU.Build.0 = Release|Any CPU
		{3B4137ED-81FB-4AF1-998C-400E06BA5F56}.Debug|Any CPU.ActiveCfg = Debug|Any CPU
		{3B4137ED-81FB-4AF1-998C-400E06BA5F56}.Debug|Any CPU.Build.0 = Debug|Any CPU
		{3B4137ED-81FB-4AF1-998C-400E06BA5F56}.Release|Any CPU.ActiveCfg = Release|Any CPU
		{3B4137ED-81FB-4AF1-998C-400E06BA5F56}.Release|Any CPU.Build.0 = Release|Any CPU
	EndGlobalSection
	GlobalSection(SolutionProperties) = preSolution
		HideSolutionNode = FALSE
	EndGlobalSection
	GlobalSection(ExtensibilityGlobals) = postSolution
		SolutionGuid = {B13E47F3-2CCA-4DBD-8F78-9820D1200DA2}
	EndGlobalSection
EndGlobal
