
Microsoft Visual Studio Solution File, Format Version 12.00
# Visual Studio Version 17
VisualStudioVersion = 17.5.33516.290
MinimumVisualStudioVersion = 10.0.40219.1
Project("{FAE04EC0-301F-11D3-BF4B-00C04F79EFBC}") = "Lab_01_Zad_01-03", "Lab_01_Zad_01\Lab_01_Zad_01-03.csproj", "{B31EE74F-606B-4456-BD22-2C4D1350B79F}"
EndProject
Project("{FAE04EC0-301F-11D3-BF4B-00C04F79EFBC}") = "Lab_01_Zad_dodatkowe", "Lab_01_Zad_dodatkowe\Lab_01_Zad_dodatkowe.csproj", "{0C4C2458-248C-4230-9E0E-85C430328027}"
EndProject
Project("{FAE04EC0-301F-11D3-BF4B-00C04F79EFBC}") = "Lista_Zadan", "Lista_Zadan\Lista_Zadan.csproj", "{B18F03BA-E9D8-469E-81DC-D74151843EEF}"
EndProject
Project("{FAE04EC0-301F-11D3-BF4B-00C04F79EFBC}") = "Lab_02_Zad_01-03", "Lab_02_Zad_01-03\Lab_02_Zad_01-03.csproj", "{DA0E44C7-68B0-4CAE-8115-809A1C1AB5BE}"
EndProject
Project("{9A19103F-16F7-4668-BE54-9A1E7A4F7556}") = "Lab_03_Zad_01-02-New", "Lab_03_Zad_01-02-New\Lab_03_Zad_01-02-New.csproj", "{9C7637F0-8E1C-454C-9374-828678A50696}"
EndProject
Project("{FAE04EC0-301F-11D3-BF4B-00C04F79EFBC}") = "Urzadzenie", "Urzadzenie\Urzadzenie.csproj", "{E1977ADC-C74F-44C5-99B2-727F0B7A99B7}"
EndProject
Project("{9A19103F-16F7-4668-BE54-9A1E7A4F7556}") = "Lab_04_Zad_01-02-New", "Lab_04_Zad_01-02-New\Lab_04_Zad_01-02-New.csproj", "{D33D506B-D95B-4B6C-9A56-9A7F379CBC21}"
EndProject
Project("{9A19103F-16F7-4668-BE54-9A1E7A4F7556}") = "Lab5.App", "Lab5.App\Lab5.App.csproj", "{BA8800BC-566A-47ED-8EDE-AA7C4F4EC950}"
EndProject
Project("{9A19103F-16F7-4668-BE54-9A1E7A4F7556}") = "Lab5.BLL", "Lab5.BLL\Lab5.BLL.csproj", "{BC9D31CE-9559-4C9B-93D1-2E531ED53BFE}"
EndProject
Project("{FAE04EC0-301F-11D3-BF4B-00C04F79EFBC}") = "Generic.Extensions", "Generic.Extensions\Generic.Extensions.csproj", "{68AE3CD1-6AEF-402E-9A52-721734F9A18A}"
EndProject
Global
	GlobalSection(SolutionConfigurationPlatforms) = preSolution
		Debug|Any CPU = Debug|Any CPU
		Release|Any CPU = Release|Any CPU
	EndGlobalSection
	GlobalSection(ProjectConfigurationPlatforms) = postSolution
		{B31EE74F-606B-4456-BD22-2C4D1350B79F}.Debug|Any CPU.ActiveCfg = Debug|Any CPU
		{B31EE74F-606B-4456-BD22-2C4D1350B79F}.Debug|Any CPU.Build.0 = Debug|Any CPU
		{B31EE74F-606B-4456-BD22-2C4D1350B79F}.Release|Any CPU.ActiveCfg = Release|Any CPU
		{B31EE74F-606B-4456-BD22-2C4D1350B79F}.Release|Any CPU.Build.0 = Release|Any CPU
		{0C4C2458-248C-4230-9E0E-85C430328027}.Debug|Any CPU.ActiveCfg = Debug|Any CPU
		{0C4C2458-248C-4230-9E0E-85C430328027}.Debug|Any CPU.Build.0 = Debug|Any CPU
		{0C4C2458-248C-4230-9E0E-85C430328027}.Release|Any CPU.ActiveCfg = Release|Any CPU
		{0C4C2458-248C-4230-9E0E-85C430328027}.Release|Any CPU.Build.0 = Release|Any CPU
		{B18F03BA-E9D8-469E-81DC-D74151843EEF}.Debug|Any CPU.ActiveCfg = Debug|Any CPU
		{B18F03BA-E9D8-469E-81DC-D74151843EEF}.Debug|Any CPU.Build.0 = Debug|Any CPU
		{B18F03BA-E9D8-469E-81DC-D74151843EEF}.Release|Any CPU.ActiveCfg = Release|Any CPU
		{B18F03BA-E9D8-469E-81DC-D74151843EEF}.Release|Any CPU.Build.0 = Release|Any CPU
		{DA0E44C7-68B0-4CAE-8115-809A1C1AB5BE}.Debug|Any CPU.ActiveCfg = Debug|Any CPU
		{DA0E44C7-68B0-4CAE-8115-809A1C1AB5BE}.Debug|Any CPU.Build.0 = Debug|Any CPU
		{DA0E44C7-68B0-4CAE-8115-809A1C1AB5BE}.Release|Any CPU.ActiveCfg = Release|Any CPU
		{DA0E44C7-68B0-4CAE-8115-809A1C1AB5BE}.Release|Any CPU.Build.0 = Release|Any CPU
		{9C7637F0-8E1C-454C-9374-828678A50696}.Debug|Any CPU.ActiveCfg = Debug|Any CPU
		{9C7637F0-8E1C-454C-9374-828678A50696}.Debug|Any CPU.Build.0 = Debug|Any CPU
		{9C7637F0-8E1C-454C-9374-828678A50696}.Release|Any CPU.ActiveCfg = Release|Any CPU
		{9C7637F0-8E1C-454C-9374-828678A50696}.Release|Any CPU.Build.0 = Release|Any CPU
		{E1977ADC-C74F-44C5-99B2-727F0B7A99B7}.Debug|Any CPU.ActiveCfg = Debug|Any CPU
		{E1977ADC-C74F-44C5-99B2-727F0B7A99B7}.Debug|Any CPU.Build.0 = Debug|Any CPU
		{E1977ADC-C74F-44C5-99B2-727F0B7A99B7}.Release|Any CPU.ActiveCfg = Release|Any CPU
		{E1977ADC-C74F-44C5-99B2-727F0B7A99B7}.Release|Any CPU.Build.0 = Release|Any CPU
		{D33D506B-D95B-4B6C-9A56-9A7F379CBC21}.Debug|Any CPU.ActiveCfg = Debug|Any CPU
		{D33D506B-D95B-4B6C-9A56-9A7F379CBC21}.Debug|Any CPU.Build.0 = Debug|Any CPU
		{D33D506B-D95B-4B6C-9A56-9A7F379CBC21}.Release|Any CPU.ActiveCfg = Release|Any CPU
		{D33D506B-D95B-4B6C-9A56-9A7F379CBC21}.Release|Any CPU.Build.0 = Release|Any CPU
		{BA8800BC-566A-47ED-8EDE-AA7C4F4EC950}.Debug|Any CPU.ActiveCfg = Debug|Any CPU
		{BA8800BC-566A-47ED-8EDE-AA7C4F4EC950}.Debug|Any CPU.Build.0 = Debug|Any CPU
		{BA8800BC-566A-47ED-8EDE-AA7C4F4EC950}.Release|Any CPU.ActiveCfg = Release|Any CPU
		{BA8800BC-566A-47ED-8EDE-AA7C4F4EC950}.Release|Any CPU.Build.0 = Release|Any CPU
		{BC9D31CE-9559-4C9B-93D1-2E531ED53BFE}.Debug|Any CPU.ActiveCfg = Debug|Any CPU
		{BC9D31CE-9559-4C9B-93D1-2E531ED53BFE}.Debug|Any CPU.Build.0 = Debug|Any CPU
		{BC9D31CE-9559-4C9B-93D1-2E531ED53BFE}.Release|Any CPU.ActiveCfg = Release|Any CPU
		{BC9D31CE-9559-4C9B-93D1-2E531ED53BFE}.Release|Any CPU.Build.0 = Release|Any CPU
		{68AE3CD1-6AEF-402E-9A52-721734F9A18A}.Debug|Any CPU.ActiveCfg = Debug|Any CPU
		{68AE3CD1-6AEF-402E-9A52-721734F9A18A}.Debug|Any CPU.Build.0 = Debug|Any CPU
		{68AE3CD1-6AEF-402E-9A52-721734F9A18A}.Release|Any CPU.ActiveCfg = Release|Any CPU
		{68AE3CD1-6AEF-402E-9A52-721734F9A18A}.Release|Any CPU.Build.0 = Release|Any CPU
	EndGlobalSection
	GlobalSection(SolutionProperties) = preSolution
		HideSolutionNode = FALSE
	EndGlobalSection
	GlobalSection(ExtensibilityGlobals) = postSolution
		SolutionGuid = {B13E47F3-2CCA-4DBD-8F78-9820D1200DA2}
	EndGlobalSection
EndGlobal
